lockfileVersion: '6.0'

settings:
  autoInstallPeers: true
  excludeLinksFromLockfile: false

dependencies:
  type-fest:
    specifier: ^4.0.0
    version: 4.0.0

packages:

  /type-fest@4.0.0:
    resolution: {integrity: sha512-d/oYtUnPM9zar2fqqGLYPzgcY0qUlYK0evgNVti93xpzfjGkMgZHu9Lvgrkn0rqGXTgsFRxFamzjGoD9Uo+dgw==}
    engines: {node: '>=16'}
    dev: false
